
Microsoft Visual Studio Solution File, Format Version 12.00
# Visual Studio Version 16
VisualStudioVersion = 16.0.32002.261
MinimumVisualStudioVersion = 10.0.40219.1
Project("{FAE04EC0-301F-11D3-BF4B-00C04F79EFBC}") = "VP_Lab1", "VP_Lab1.csproj", "{D9FC4B43-1F5D-4A3F-92A3-DD6A71552971}"
EndProject
Global
	GlobalSection(SolutionConfigurationPlatforms) = preSolution
		Debug|Any CPU = Debug|Any CPU
		Release|Any CPU = Release|Any CPU
	EndGlobalSection
	GlobalSection(ProjectConfigurationPlatforms) = postSolution
		{D9FC4B43-1F5D-4A3F-92A3-DD6A71552971}.Debug|Any CPU.ActiveCfg = Debug|Any CPU
		{D9FC4B43-1F5D-4A3F-92A3-DD6A71552971}.Debug|Any CPU.Build.0 = Debug|Any CPU
		{D9FC4B43-1F5D-4A3F-92A3-DD6A71552971}.Release|Any CPU.ActiveCfg = Release|Any CPU
		{D9FC4B43-1F5D-4A3F-92A3-DD6A71552971}.Release|Any CPU.Build.0 = Release|Any CPU
	EndGlobalSection
	GlobalSection(SolutionProperties) = preSolution
		HideSolutionNode = FALSE
	EndGlobalSection
	GlobalSection(ExtensibilityGlobals) = postSolution
		SolutionGuid = {855B63E7-0336-4D96-A486-0C693AC122CC}
	EndGlobalSection
EndGlobal
